// !$*UTF8*$!
{
	archiveVersion = 1;
	classes = {
	};
	objectVersion = 56;
	objects = {

/* Begin PBXBuildFile section */
		67A0BF742B0538AF00E4CF4E /* AppDelegate.swift in Sources */ = {isa = PBXBuildFile; fileRef = 67A0BF732B0538AF00E4CF4E /* AppDelegate.swift */; };
		67A0BF762B0538AF00E4CF4E /* SceneDelegate.swift in Sources */ = {isa = PBXBuildFile; fileRef = 67A0BF752B0538AF00E4CF4E /* SceneDelegate.swift */; };
		67A0BF782B0538AF00E4CF4E /* PokemonListViewController.swift in Sources */ = {isa = PBXBuildFile; fileRef = 67A0BF772B0538AF00E4CF4E /* PokemonListViewController.swift */; };
		67A0BF7B2B0538AF00E4CF4E /* Main.storyboard in Resources */ = {isa = PBXBuildFile; fileRef = 67A0BF792B0538AF00E4CF4E /* Main.storyboard */; };
		67A0BF7D2B0538B300E4CF4E /* Assets.xcassets in Resources */ = {isa = PBXBuildFile; fileRef = 67A0BF7C2B0538B300E4CF4E /* Assets.xcassets */; };
		67A0BF802B0538B300E4CF4E /* LaunchScreen.storyboard in Resources */ = {isa = PBXBuildFile; fileRef = 67A0BF7E2B0538B300E4CF4E /* LaunchScreen.storyboard */; };
		67A0BF882B05391D00E4CF4E /* NetworkingFile.swift in Sources */ = {isa = PBXBuildFile; fileRef = 67A0BF872B05391D00E4CF4E /* NetworkingFile.swift */; };
		67A0BF8E2B053B8000E4CF4E /* PokemonViewCell.swift in Sources */ = {isa = PBXBuildFile; fileRef = 67A0BF8D2B053B8000E4CF4E /* PokemonViewCell.swift */; };
		67A0BF902B053E7C00E4CF4E /* Pokemon.swift in Sources */ = {isa = PBXBuildFile; fileRef = 67A0BF8F2B053E7C00E4CF4E /* Pokemon.swift */; };
		67B5AFDD2B0A8E2C00640599 /* Alamofire in Frameworks */ = {isa = PBXBuildFile; productRef = 67B5AFDC2B0A8E2C00640599 /* Alamofire */; };
/* End PBXBuildFile section */

/* Begin PBXFileReference section */
		67A0BF702B0538AF00E4CF4E /* PokemonParsing.app */ = {isa = PBXFileReference; explicitFileType = wrapper.application; includeInIndex = 0; path = PokemonParsing.app; sourceTree = BUILT_PRODUCTS_DIR; };
		67A0BF732B0538AF00E4CF4E /* AppDelegate.swift */ = {isa = PBXFileReference; lastKnownFileType = sourcecode.swift; path = AppDelegate.swift; sourceTree = "<group>"; };
		67A0BF752B0538AF00E4CF4E /* SceneDelegate.swift */ = {isa = PBXFileReference; lastKnownFileType = sourcecode.swift; path = SceneDelegate.swift; sourceTree = "<group>"; };
		67A0BF772B0538AF00E4CF4E /* PokemonListViewController.swift */ = {isa = PBXFileReference; lastKnownFileType = sourcecode.swift; path = PokemonListViewController.swift; sourceTree = "<group>"; };
		67A0BF7A2B0538AF00E4CF4E /* Base */ = {isa = PBXFileReference; lastKnownFileType = file.storyboard; name = Base; path = Base.lproj/Main.storyboard; sourceTree = "<group>"; };
		67A0BF7C2B0538B300E4CF4E /* Assets.xcassets */ = {isa = PBXFileReference; lastKnownFileType = folder.assetcatalog; path = Assets.xcassets; sourceTree = "<group>"; };
		67A0BF7F2B0538B300E4CF4E /* Base */ = {isa = PBXFileReference; lastKnownFileType = file.storyboard; name = Base; path = Base.lproj/LaunchScreen.storyboard; sourceTree = "<group>"; };
		67A0BF812B0538B300E4CF4E /* Info.plist */ = {isa = PBXFileReference; lastKnownFileType = text.plist.xml; path = Info.plist; sourceTree = "<group>"; };
		67A0BF872B05391D00E4CF4E /* NetworkingFile.swift */ = {isa = PBXFileReference; lastKnownFileType = sourcecode.swift; path = NetworkingFile.swift; sourceTree = "<group>"; };
		67A0BF8D2B053B8000E4CF4E /* PokemonViewCell.swift */ = {isa = PBXFileReference; lastKnownFileType = sourcecode.swift; path = PokemonViewCell.swift; sourceTree = "<group>"; };
		67A0BF8F2B053E7C00E4CF4E /* Pokemon.swift */ = {isa = PBXFileReference; lastKnownFileType = sourcecode.swift; path = Pokemon.swift; sourceTree = "<group>"; };
/* End PBXFileReference section */

/* Begin PBXFrameworksBuildPhase section */
		67A0BF6D2B0538AF00E4CF4E /* Frameworks */ = {
			isa = PBXFrameworksBuildPhase;
			buildActionMask = 2147483647;
			files = (
				67B5AFDD2B0A8E2C00640599 /* Alamofire in Frameworks */,
			);
			runOnlyForDeploymentPostprocessing = 0;
		};
/* End PBXFrameworksBuildPhase section */

/* Begin PBXGroup section */
		67A0BF672B0538AF00E4CF4E = {
			isa = PBXGroup;
			children = (
				67A0BF722B0538AF00E4CF4E /* PokemonParsing */,
				67A0BF712B0538AF00E4CF4E /* Products */,
			);
			sourceTree = "<group>";
		};
		67A0BF712B0538AF00E4CF4E /* Products */ = {
			isa = PBXGroup;
			children = (
				67A0BF702B0538AF00E4CF4E /* PokemonParsing.app */,
			);
			name = Products;
			sourceTree = "<group>";
		};
		67A0BF722B0538AF00E4CF4E /* PokemonParsing */ = {
			isa = PBXGroup;
			children = (
				67A0BF732B0538AF00E4CF4E /* AppDelegate.swift */,
				67A0BF752B0538AF00E4CF4E /* SceneDelegate.swift */,
				67A0BF772B0538AF00E4CF4E /* PokemonListViewController.swift */,
				67A0BF8F2B053E7C00E4CF4E /* Pokemon.swift */,
				67A0BF872B05391D00E4CF4E /* NetworkingFile.swift */,
				67A0BF8D2B053B8000E4CF4E /* PokemonViewCell.swift */,
				67A0BF792B0538AF00E4CF4E /* Main.storyboard */,
				67A0BF7C2B0538B300E4CF4E /* Assets.xcassets */,
				67A0BF7E2B0538B300E4CF4E /* LaunchScreen.storyboard */,
				67A0BF812B0538B300E4CF4E /* Info.plist */,
			);
			path = PokemonParsing;
			sourceTree = "<group>";
		};
/* End PBXGroup section */

/* Begin PBXNativeTarget section */
		67A0BF6F2B0538AF00E4CF4E /* PokemonParsing */ = {
			isa = PBXNativeTarget;
			buildConfigurationList = 67A0BF842B0538B300E4CF4E /* Build configuration list for PBXNativeTarget "PokemonParsing" */;
			buildPhases = (
				67A0BF6C2B0538AF00E4CF4E /* Sources */,
				67A0BF6D2B0538AF00E4CF4E /* Frameworks */,
				67A0BF6E2B0538AF00E4CF4E /* Resources */,
			);
			buildRules = (
			);
			dependencies = (
			);
			name = PokemonParsing;
			packageProductDependencies = (
				67B5AFDC2B0A8E2C00640599 /* Alamofire */,
			);
			productName = PokemonParsing;
			productReference = 67A0BF702B0538AF00E4CF4E /* PokemonParsing.app */;
			productType = "com.apple.product-type.application";
		};
/* End PBXNativeTarget section */

/* Begin PBXProject section */
		67A0BF682B0538AF00E4CF4E /* Project object */ = {
			isa = PBXProject;
			attributes = {
				BuildIndependentTargetsInParallel = 1;
				LastSwiftUpdateCheck = 1500;
				LastUpgradeCheck = 1500;
				TargetAttributes = {
					67A0BF6F2B0538AF00E4CF4E = {
						CreatedOnToolsVersion = 15.0.1;
					};
				};
			};
			buildConfigurationList = 67A0BF6B2B0538AF00E4CF4E /* Build configuration list for PBXProject "PokemonParsing" */;
			compatibilityVersion = "Xcode 14.0";
			developmentRegion = en;
			hasScannedForEncodings = 0;
			knownRegions = (
				en,
				Base,
			);
			mainGroup = 67A0BF672B0538AF00E4CF4E;
			packageReferences = (
				67B5AFDB2B0A8E2C00640599 /* XCRemoteSwiftPackageReference "Alamofire" */,
			);
			productRefGroup = 67A0BF712B0538AF00E4CF4E /* Products */;
			projectDirPath = "";
			projectRoot = "";
			targets = (
				67A0BF6F2B0538AF00E4CF4E /* PokemonParsing */,
			);
		};
/* End PBXProject section */

/* Begin PBXResourcesBuildPhase section */
		67A0BF6E2B0538AF00E4CF4E /* Resources */ = {
			isa = PBXResourcesBuildPhase;
			buildActionMask = 2147483647;
			files = (
				67A0BF802B0538B300E4CF4E /* LaunchScreen.storyboard in Resources */,
				67A0BF7D2B0538B300E4CF4E /* Assets.xcassets in Resources */,
				67A0BF7B2B0538AF00E4CF4E /* Main.storyboard in Resources */,
			);
			runOnlyForDeploymentPostprocessing = 0;
		};
/* End PBXResourcesBuildPhase section */

/* Begin PBXSourcesBuildPhase section */
		67A0BF6C2B0538AF00E4CF4E /* Sources */ = {
			isa = PBXSourcesBuildPhase;
			buildActionMask = 2147483647;
			files = (
				67A0BF782B0538AF00E4CF4E /* PokemonListViewController.swift in Sources */,
				67A0BF742B0538AF00E4CF4E /* AppDelegate.swift in Sources */,
				67A0BF762B0538AF00E4CF4E /* SceneDelegate.swift in Sources */,
				67A0BF8E2B053B8000E4CF4E /* PokemonViewCell.swift in Sources */,
				67A0BF882B05391D00E4CF4E /* NetworkingFile.swift in Sources */,
				67A0BF902B053E7C00E4CF4E /* Pokemon.swift in Sources */,
			);
			runOnlyForDeploymentPostprocessing = 0;
		};
/* End PBXSourcesBuildPhase section */

/* Begin PBXVariantGroup section */
		67A0BF792B0538AF00E4CF4E /* Main.storyboard */ = {
			isa = PBXVariantGroup;
			children = (
				67A0BF7A2B0538AF00E4CF4E /* Base */,
			);
			name = Main.storyboard;
			sourceTree = "<group>";
		};
		67A0BF7E2B0538B300E4CF4E /* LaunchScreen.storyboard */ = {
			isa = PBXVariantGroup;
			children = (
				67A0BF7F2B0538B300E4CF4E /* Base */,
			);
			name = LaunchScreen.storyboard;
			sourceTree = "<group>";
		};
/* End PBXVariantGroup section */

/* Begin XCBuildConfiguration section */
		67A0BF822B0538B300E4CF4E /* Debug */ = {
			isa = XCBuildConfiguration;
			buildSettings = {
				ALWAYS_SEARCH_USER_PATHS = NO;
				ASSETCATALOG_COMPILER_GENERATE_SWIFT_ASSET_SYMBOL_EXTENSIONS = YES;
				CLANG_ANALYZER_NONNULL = YES;
				CLANG_ANALYZER_NUMBER_OBJECT_CONVERSION = YES_AGGRESSIVE;
				CLANG_CXX_LANGUAGE_STANDARD = "gnu++20";
				CLANG_ENABLE_MODULES = YES;
				CLANG_ENABLE_OBJC_ARC = YES;
				CLANG_ENABLE_OBJC_WEAK = YES;
				CLANG_WARN_BLOCK_CAPTURE_AUTORELEASING = YES;
				CLANG_WARN_BOOL_CONVERSION = YES;
				CLANG_WARN_COMMA = YES;
				CLANG_WARN_CONSTANT_CONVERSION = YES;
				CLANG_WARN_DEPRECATED_OBJC_IMPLEMENTATIONS = YES;
				CLANG_WARN_DIRECT_OBJC_ISA_USAGE = YES_ERROR;
				CLANG_WARN_DOCUMENTATION_COMMENTS = YES;
				CLANG_WARN_EMPTY_BODY = YES;
				CLANG_WARN_ENUM_CONVERSION = YES;
				CLANG_WARN_INFINITE_RECURSION = YES;
				CLANG_WARN_INT_CONVERSION = YES;
				CLANG_WARN_NON_LITERAL_NULL_CONVERSION = YES;
				CLANG_WARN_OBJC_IMPLICIT_RETAIN_SELF = YES;
				CLANG_WARN_OBJC_LITERAL_CONVERSION = YES;
				CLANG_WARN_OBJC_ROOT_CLASS = YES_ERROR;
				CLANG_WARN_QUOTED_INCLUDE_IN_FRAMEWORK_HEADER = YES;
				CLANG_WARN_RANGE_LOOP_ANALYSIS = YES;
				CLANG_WARN_STRICT_PROTOTYPES = YES;
				CLANG_WARN_SUSPICIOUS_MOVE = YES;
				CLANG_WARN_UNGUARDED_AVAILABILITY = YES_AGGRESSIVE;
				CLANG_WARN_UNREACHABLE_CODE = YES;
				CLANG_WARN__DUPLICATE_METHOD_MATCH = YES;
				COPY_PHASE_STRIP = NO;
				DEBUG_INFORMATION_FORMAT = dwarf;
				ENABLE_STRICT_OBJC_MSGSEND = YES;
				ENABLE_TESTABILITY = YES;
				ENABLE_USER_SCRIPT_SANDBOXING = YES;
				GCC_C_LANGUAGE_STANDARD = gnu17;
				GCC_DYNAMIC_NO_PIC = NO;
				GCC_NO_COMMON_BLOCKS = YES;
				GCC_OPTIMIZATION_LEVEL = 0;
				GCC_PREPROCESSOR_DEFINITIONS = (
					"DEBUG=1",
					"$(inherited)",
				);
				GCC_WARN_64_TO_32_BIT_CONVERSION = YES;
				GCC_WARN_ABOUT_RETURN_TYPE = YES_ERROR;
				GCC_WARN_UNDECLARED_SELECTOR = YES;
				GCC_WARN_UNINITIALIZED_AUTOS = YES_AGGRESSIVE;
				GCC_WARN_UNUSED_FUNCTION = YES;
				GCC_WARN_UNUSED_VARIABLE = YES;
				IPHONEOS_DEPLOYMENT_TARGET = 17.0;
				LOCALIZATION_PREFERS_STRING_CATALOGS = YES;
				MTL_ENABLE_DEBUG_INFO = INCLUDE_SOURCE;
				MTL_FAST_MATH = YES;
				ONLY_ACTIVE_ARCH = YES;
				SDKROOT = iphoneos;
				SWIFT_ACTIVE_COMPILATION_CONDITIONS = "DEBUG $(inherited)";
				SWIFT_OPTIMIZATION_LEVEL = "-Onone";
			};
			name = Debug;
		};
		67A0BF832B0538B300E4CF4E /* Release */ = {
			isa = XCBuildConfiguration;
			buildSettings = {
				ALWAYS_SEARCH_USER_PATHS = NO;
				ASSETCATALOG_COMPILER_GENERATE_SWIFT_ASSET_SYMBOL_EXTENSIONS = YES;
				CLANG_ANALYZER_NONNULL = YES;
				CLANG_ANALYZER_NUMBER_OBJECT_CONVERSION = YES_AGGRESSIVE;
				CLANG_CXX_LANGUAGE_STANDARD = "gnu++20";
				CLANG_ENABLE_MODULES = YES;
				CLANG_ENABLE_OBJC_ARC = YES;
				CLANG_ENABLE_OBJC_WEAK = YES;
				CLANG_WARN_BLOCK_CAPTURE_AUTORELEASING = YES;
				CLANG_WARN_BOOL_CONVERSION = YES;
				CLANG_WARN_COMMA = YES;
				CLANG_WARN_CONSTANT_CONVERSION = YES;
				CLANG_WARN_DEPRECATED_OBJC_IMPLEMENTATIONS = YES;
				CLANG_WARN_DIRECT_OBJC_ISA_USAGE = YES_ERROR;
				CLANG_WARN_DOCUMENTATION_COMMENTS = YES;
				CLANG_WARN_EMPTY_BODY = YES;
				CLANG_WARN_ENUM_CONVERSION = YES;
				CLANG_WARN_INFINITE_RECURSION = YES;
				CLANG_WARN_INT_CONVERSION = YES;
				CLANG_WARN_NON_LITERAL_NULL_CONVERSION = YES;
				CLANG_WARN_OBJC_IMPLICIT_RETAIN_SELF = YES;
				CLANG_WARN_OBJC_LITERAL_CONVERSION = YES;
				CLANG_WARN_OBJC_ROOT_CLASS = YES_ERROR;
				CLANG_WARN_QUOTED_INCLUDE_IN_FRAMEWORK_HEADER = YES;
				CLANG_WARN_RANGE_LOOP_ANALYSIS = YES;
				CLANG_WARN_STRICT_PROTOTYPES = YES;
				CLANG_WARN_SUSPICIOUS_MOVE = YES;
				CLANG_WARN_UNGUARDED_AVAILABILITY = YES_AGGRESSIVE;
				CLANG_WARN_UNREACHABLE_CODE = YES;
				CLANG_WARN__DUPLICATE_METHOD_MATCH = YES;
				COPY_PHASE_STRIP = NO;
				DEBUG_INFORMATION_FORMAT = "dwarf-with-dsym";
				ENABLE_NS_ASSERTIONS = NO;
				ENABLE_STRICT_OBJC_MSGSEND = YES;
				ENABLE_USER_SCRIPT_SANDBOXING = YES;
				GCC_C_LANGUAGE_STANDARD = gnu17;
				GCC_NO_COMMON_BLOCKS = YES;
				GCC_WARN_64_TO_32_BIT_CONVERSION = YES;
				GCC_WARN_ABOUT_RETURN_TYPE = YES_ERROR;
				GCC_WARN_UNDECLARED_SELECTOR = YES;
				GCC_WARN_UNINITIALIZED_AUTOS = YES_AGGRESSIVE;
				GCC_WARN_UNUSED_FUNCTION = YES;
				GCC_WARN_UNUSED_VARIABLE = YES;
				IPHONEOS_DEPLOYMENT_TARGET = 17.0;
				LOCALIZATION_PREFERS_STRING_CATALOGS = YES;
				MTL_ENABLE_DEBUG_INFO = NO;
				MTL_FAST_MATH = YES;
				SDKROOT = iphoneos;
				SWIFT_COMPILATION_MODE = wholemodule;
				VALIDATE_PRODUCT = YES;
			};
			name = Release;
		};
		67A0BF852B0538B300E4CF4E /* Debug */ = {
			isa = XCBuildConfiguration;
			buildSettings = {
				ASSETCATALOG_COMPILER_APPICON_NAME = AppIcon;
				ASSETCATALOG_COMPILER_GLOBAL_ACCENT_COLOR_NAME = AccentColor;
				CODE_SIGN_STYLE = Automatic;
				CURRENT_PROJECT_VERSION = 1;
				GENERATE_INFOPLIST_FILE = YES;
				INFOPLIST_FILE = PokemonParsing/Info.plist;
				INFOPLIST_KEY_UIApplicationSupportsIndirectInputEvents = YES;
				INFOPLIST_KEY_UILaunchStoryboardName = LaunchScreen;
				INFOPLIST_KEY_UIMainStoryboardFile = Main;
				INFOPLIST_KEY_UISupportedInterfaceOrientations = UIInterfaceOrientationPortrait;
				INFOPLIST_KEY_UISupportedInterfaceOrientations_iPad = "UIInterfaceOrientationLandscapeLeft UIInterfaceOrientationLandscapeRight UIInterfaceOrientationPortrait UIInterfaceOrientationPortraitUpsideDown";
				IPHONEOS_DEPLOYMENT_TARGET = 16.4;
				LD_RUNPATH_SEARCH_PATHS = (
					"$(inherited)",
					"@executable_path/Frameworks",
				);
				MARKETING_VERSION = 1.0;
				PRODUCT_BUNDLE_IDENTIFIER = Pecherskaya.PokemonParsing;
				PRODUCT_NAME = "$(TARGET_NAME)";
				SUPPORTED_PLATFORMS = "iphoneos iphonesimulator";
				SUPPORTS_MACCATALYST = NO;
				SUPPORTS_MAC_DESIGNED_FOR_IPHONE_IPAD = NO;
				SWIFT_EMIT_LOC_STRINGS = YES;
				SWIFT_VERSION = 5.0;
				TARGETED_DEVICE_FAMILY = 1;
			};
			name = Debug;
		};
		67A0BF862B0538B300E4CF4E /* Release */ = {
			isa = XCBuildConfiguration;
			buildSettings = {
				ASSETCATALOG_COMPILER_APPICON_NAME = AppIcon;
				ASSETCATALOG_COMPILER_GLOBAL_ACCENT_COLOR_NAME = AccentColor;
				CODE_SIGN_STYLE = Automatic;
				CURRENT_PROJECT_VERSION = 1;
				GENERATE_INFOPLIST_FILE = YES;
				INFOPLIST_FILE = PokemonParsing/Info.plist;
				INFOPLIST_KEY_UIApplicationSupportsIndirectInputEvents = YES;
				INFOPLIST_KEY_UILaunchStoryboardName = LaunchScreen;
				INFOPLIST_KEY_UIMainStoryboardFile = Main;
				INFOPLIST_KEY_UISupportedInterfaceOrientations = UIInterfaceOrientationPortrait;
				INFOPLIST_KEY_UISupportedInterfaceOrientations_iPad = "UIInterfaceOrientationLandscapeLeft UIInterfaceOrientationLandscapeRight UIInterfaceOrientationPortrait UIInterfaceOrientationPortraitUpsideDown";
				IPHONEOS_DEPLOYMENT_TARGET = 16.4;
				LD_RUNPATH_SEARCH_PATHS = (
					"$(inherited)",
					"@executable_path/Frameworks",
				);
				MARKETING_VERSION = 1.0;
				PRODUCT_BUNDLE_IDENTIFIER = Pecherskaya.PokemonParsing;
				PRODUCT_NAME = "$(TARGET_NAME)";
				SUPPORTED_PLATFORMS = "iphoneos iphonesimulator";
				SUPPORTS_MACCATALYST = NO;
				SUPPORTS_MAC_DESIGNED_FOR_IPHONE_IPAD = NO;
				SWIFT_EMIT_LOC_STRINGS = YES;
				SWIFT_VERSION = 5.0;
				TARGETED_DEVICE_FAMILY = 1;
			};
			name = Release;
		};
/* End XCBuildConfiguration section */

/* Begin XCConfigurationList section */
		67A0BF6B2B0538AF00E4CF4E /* Build configuration list for PBXProject "PokemonParsing" */ = {
			isa = XCConfigurationList;
			buildConfigurations = (
				67A0BF822B0538B300E4CF4E /* Debug */,
				67A0BF832B0538B300E4CF4E /* Release */,
			);
			defaultConfigurationIsVisible = 0;
			defaultConfigurationName = Release;
		};
		67A0BF842B0538B300E4CF4E /* Build configuration list for PBXNativeTarget "PokemonParsing" */ = {
			isa = XCConfigurationList;
			buildConfigurations = (
				67A0BF852B0538B300E4CF4E /* Debug */,
				67A0BF862B0538B300E4CF4E /* Release */,
			);
			defaultConfigurationIsVisible = 0;
			defaultConfigurationName = Release;
		};
/* End XCConfigurationList section */

/* Begin XCRemoteSwiftPackageReference section */
		67B5AFDB2B0A8E2C00640599 /* XCRemoteSwiftPackageReference "Alamofire" */ = {
			isa = XCRemoteSwiftPackageReference;
			repositoryURL = "https://github.com/Alamofire/Alamofire.git";
			requirement = {
				kind = upToNextMajorVersion;
				minimumVersion = 5.8.1;
			};
		};
/* End XCRemoteSwiftPackageReference section */

/* Begin XCSwiftPackageProductDependency section */
		67B5AFDC2B0A8E2C00640599 /* Alamofire */ = {
			isa = XCSwiftPackageProductDependency;
			package = 67B5AFDB2B0A8E2C00640599 /* XCRemoteSwiftPackageReference "Alamofire" */;
			productName = Alamofire;
		};
/* End XCSwiftPackageProductDependency section */
	};
	rootObject = 67A0BF682B0538AF00E4CF4E /* Project object */;
}
